{
  "name": "SnakeGame",
  "lockfileVersion": 3,
  "requires": true,
  "packages": {
    "": {
      "dependencies": {
        "use-sound": "^5.0.0"
      }
    },
    "node_modules/howler": {
      "version": "2.2.4",
      "resolved": "https://registry.npmjs.org/howler/-/howler-2.2.4.tgz",
      "integrity": "sha512-iARIBPgcQrwtEr+tALF+rapJ8qSc+Set2GJQl7xT1MQzWaVkFebdJhR3alVlSiUf5U7nAANKuj3aWpwerocD5w==",
      "license": "MIT"
    },
    "node_modules/react": {
      "version": "19.2.4",
      "resolved": "https://registry.npmjs.org/react/-/react-19.2.4.tgz",
      "integrity": "sha512-9nfp2hYpCwOjAN+8TZFGhtWEwgvWHXqESH8qT89AT/lWklpLON22Lc8pEtnpsZz7VmawabSU0gCjnj8aC0euHQ==",
      "license": "MIT",
      "peer": true,
      "engines": {
        "node": ">=0.10.0"
      }
    },
    "node_modules/use-sound": {
      "version": "5.0.0",
      "resolved": "https://registry.npmjs.org/use-sound/-/use-sound-5.0.0.tgz",
      "integrity": "sha512-MNHT3FFC5HxNCrgZtrnpIMJI2cw/0D2xismcrtyht8BTuF5FhFhb57xO/jlQr2xJaFrc/0btzRQvGyHQwB7PVA==",
      "license": "MIT",
      "dependencies": {
        "howler": "^2.2.4"
      },
      "peerDependencies": {
        "react": ">=16.8"
      }
    }
  }
}
